
Microsoft Visual Studio Solution File, Format Version 12.00
# Visual Studio 2013
VisualStudioVersion = 12.0.21005.1
MinimumVisualStudioVersion = 10.0.40219.1
Project("{FAE04EC0-301F-11D3-BF4B-00C04F79EFBC}") = "TencentYoutuYunSDK", "TencentYoutuYunSDK\TencentYoutuYunSDK.csproj", "{D9AEF706-CFAE-4718-8187-9E0A34A5A477}"
EndProject
Project("{FAE04EC0-301F-11D3-BF4B-00C04F79EFBC}") = "Sample", "Sample\Sample.csproj", "{504822FA-7D15-4333-B43D-18079465F645}"
EndProject
Global
	GlobalSection(SolutionConfigurationPlatforms) = preSolution
		Debug|Any CPU = Debug|Any CPU
		Release|Any CPU = Release|Any CPU
	EndGlobalSection
	GlobalSection(ProjectConfigurationPlatforms) = postSolution
		{D9AEF706-CFAE-4718-8187-9E0A34A5A477}.Debug|Any CPU.ActiveCfg = Debug|Any CPU
		{D9AEF706-CFAE-4718-8187-9E0A34A5A477}.Debug|Any CPU.Build.0 = Debug|Any CPU
		{D9AEF706-CFAE-4718-8187-9E0A34A5A477}.Release|Any CPU.ActiveCfg = Release|Any CPU
		{D9AEF706-CFAE-4718-8187-9E0A34A5A477}.Release|Any CPU.Build.0 = Release|Any CPU
		{504822FA-7D15-4333-B43D-18079465F645}.Debug|Any CPU.ActiveCfg = Debug|Any CPU
		{504822FA-7D15-4333-B43D-18079465F645}.Debug|Any CPU.Build.0 = Debug|Any CPU
		{504822FA-7D15-4333-B43D-18079465F645}.Release|Any CPU.ActiveCfg = Release|Any CPU
		{504822FA-7D15-4333-B43D-18079465F645}.Release|Any CPU.Build.0 = Release|Any CPU
	EndGlobalSection
	GlobalSection(SolutionProperties) = preSolution
		HideSolutionNode = FALSE
	EndGlobalSection
EndGlobal
